
Microsoft Visual Studio Solution File, Format Version 12.00
# Visual Studio Version 17
VisualStudioVersion = 17.2.32516.85
MinimumVisualStudioVersion = 10.0.40219.1
Project("{9A19103F-16F7-4668-BE54-9A1E7A4F7556}") = "DataAccessLibrary", "..\..\TextFileDemoApp\DataAccessLibrary\DataAccessLibrary.csproj", "{67895675-A3BE-4F0E-8CAC-AD03C2FC2030}"
EndProject
Project("{9A19103F-16F7-4668-BE54-9A1E7A4F7556}") = "TextFileUI", "..\..\TextFileDemoApp\TextFileUI\TextFileUI.csproj", "{D0BA0D10-2561-4250-A14A-491BE28F64BB}"
EndProject
Global
	GlobalSection(SolutionConfigurationPlatforms) = preSolution
		Debug|Any CPU = Debug|Any CPU
		Release|Any CPU = Release|Any CPU
	EndGlobalSection
	GlobalSection(ProjectConfigurationPlatforms) = postSolution
		{67895675-A3BE-4F0E-8CAC-AD03C2FC2030}.Debug|Any CPU.ActiveCfg = Debug|Any CPU
		{67895675-A3BE-4F0E-8CAC-AD03C2FC2030}.Debug|Any CPU.Build.0 = Debug|Any CPU
		{67895675-A3BE-4F0E-8CAC-AD03C2FC2030}.Release|Any CPU.ActiveCfg = Release|Any CPU
		{67895675-A3BE-4F0E-8CAC-AD03C2FC2030}.Release|Any CPU.Build.0 = Release|Any CPU
		{D0BA0D10-2561-4250-A14A-491BE28F64BB}.Debug|Any CPU.ActiveCfg = Debug|Any CPU
		{D0BA0D10-2561-4250-A14A-491BE28F64BB}.Debug|Any CPU.Build.0 = Debug|Any CPU
		{D0BA0D10-2561-4250-A14A-491BE28F64BB}.Release|Any CPU.ActiveCfg = Release|Any CPU
		{D0BA0D10-2561-4250-A14A-491BE28F64BB}.Release|Any CPU.Build.0 = Release|Any CPU
	EndGlobalSection
	GlobalSection(SolutionProperties) = preSolution
		HideSolutionNode = FALSE
	EndGlobalSection
	GlobalSection(ExtensibilityGlobals) = postSolution
		SolutionGuid = {9F5AB4D6-5A00-40CD-8422-6DAD1D6D6A43}
	EndGlobalSection
EndGlobal
