
Microsoft Visual Studio Solution File, Format Version 12.00
# Visual Studio Version 17
VisualStudioVersion = 17.2.32516.85
MinimumVisualStudioVersion = 10.0.40219.1
Project("{9A19103F-16F7-4668-BE54-9A1E7A4F7556}") = "WPFMiniLibrary", "..\..\WPFMiniApp\WPFMiniLibrary\WPFMiniLibrary.csproj", "{0A3B5525-C8CA-42F1-891A-7EF728038C36}"
EndProject
Project("{9A19103F-16F7-4668-BE54-9A1E7A4F7556}") = "WPFMini", "..\..\WPFMiniApp\WPFMini\WPFMini.csproj", "{98B3349D-C57C-4A37-AF84-D561A276B706}"
EndProject
Global
	GlobalSection(SolutionConfigurationPlatforms) = preSolution
		Debug|Any CPU = Debug|Any CPU
		Release|Any CPU = Release|Any CPU
	EndGlobalSection
	GlobalSection(ProjectConfigurationPlatforms) = postSolution
		{0A3B5525-C8CA-42F1-891A-7EF728038C36}.Debug|Any CPU.ActiveCfg = Debug|Any CPU
		{0A3B5525-C8CA-42F1-891A-7EF728038C36}.Debug|Any CPU.Build.0 = Debug|Any CPU
		{0A3B5525-C8CA-42F1-891A-7EF728038C36}.Release|Any CPU.ActiveCfg = Release|Any CPU
		{0A3B5525-C8CA-42F1-891A-7EF728038C36}.Release|Any CPU.Build.0 = Release|Any CPU
		{98B3349D-C57C-4A37-AF84-D561A276B706}.Debug|Any CPU.ActiveCfg = Debug|Any CPU
		{98B3349D-C57C-4A37-AF84-D561A276B706}.Debug|Any CPU.Build.0 = Debug|Any CPU
		{98B3349D-C57C-4A37-AF84-D561A276B706}.Release|Any CPU.ActiveCfg = Release|Any CPU
		{98B3349D-C57C-4A37-AF84-D561A276B706}.Release|Any CPU.Build.0 = Release|Any CPU
	EndGlobalSection
	GlobalSection(SolutionProperties) = preSolution
		HideSolutionNode = FALSE
	EndGlobalSection
	GlobalSection(ExtensibilityGlobals) = postSolution
		SolutionGuid = {04628B42-F3A4-46E1-AEE1-6977B65CE690}
	EndGlobalSection
EndGlobal
