
Microsoft Visual Studio Solution File, Format Version 12.00
# Visual Studio Version 17
VisualStudioVersion = 17.0.32112.339
MinimumVisualStudioVersion = 10.0.40219.1
Project("{FAE04EC0-301F-11D3-BF4B-00C04F79EFBC}") = "InstantiatedClassesTest", "InstantiatedClassesTest\InstantiatedClassesTest.csproj", "{99F87F7A-E512-41C5-817C-BBFA38DA934B}"
EndProject
Global
	GlobalSection(SolutionConfigurationPlatforms) = preSolution
		Debug|Any CPU = Debug|Any CPU
		Release|Any CPU = Release|Any CPU
	EndGlobalSection
	GlobalSection(ProjectConfigurationPlatforms) = postSolution
		{99F87F7A-E512-41C5-817C-BBFA38DA934B}.Debug|Any CPU.ActiveCfg = Debug|Any CPU
		{99F87F7A-E512-41C5-817C-BBFA38DA934B}.Debug|Any CPU.Build.0 = Debug|Any CPU
		{99F87F7A-E512-41C5-817C-BBFA38DA934B}.Release|Any CPU.ActiveCfg = Release|Any CPU
		{99F87F7A-E512-41C5-817C-BBFA38DA934B}.Release|Any CPU.Build.0 = Release|Any CPU
	EndGlobalSection
	GlobalSection(SolutionProperties) = preSolution
		HideSolutionNode = FALSE
	EndGlobalSection
	GlobalSection(ExtensibilityGlobals) = postSolution
		SolutionGuid = {1CD3B139-34F2-4A4A-8AAC-CE28F23D0AA8}
	EndGlobalSection
EndGlobal
