
Microsoft Visual Studio Solution File, Format Version 12.00
# Visual Studio Version 17
VisualStudioVersion = 17.2.32516.85
MinimumVisualStudioVersion = 10.0.40219.1
Project("{9A19103F-16F7-4668-BE54-9A1E7A4F7556}") = "DataAccessLibrary", "..\..\SQLServerHomework\DataAccessLibrary\DataAccessLibrary.csproj", "{A5560955-58BD-4B5A-BD4D-2C86CC010A3C}"
EndProject
Project("{9A19103F-16F7-4668-BE54-9A1E7A4F7556}") = "MySqlConsole", "..\..\SQLServerHomework\MySqlConsole\MySqlConsole.csproj", "{D435BD82-1181-46D9-879D-F0BD44D2D6FA}"
EndProject
Global
	GlobalSection(SolutionConfigurationPlatforms) = preSolution
		Debug|Any CPU = Debug|Any CPU
		Release|Any CPU = Release|Any CPU
	EndGlobalSection
	GlobalSection(ProjectConfigurationPlatforms) = postSolution
		{A5560955-58BD-4B5A-BD4D-2C86CC010A3C}.Debug|Any CPU.ActiveCfg = Debug|Any CPU
		{A5560955-58BD-4B5A-BD4D-2C86CC010A3C}.Debug|Any CPU.Build.0 = Debug|Any CPU
		{A5560955-58BD-4B5A-BD4D-2C86CC010A3C}.Release|Any CPU.ActiveCfg = Release|Any CPU
		{A5560955-58BD-4B5A-BD4D-2C86CC010A3C}.Release|Any CPU.Build.0 = Release|Any CPU
		{D435BD82-1181-46D9-879D-F0BD44D2D6FA}.Debug|Any CPU.ActiveCfg = Debug|Any CPU
		{D435BD82-1181-46D9-879D-F0BD44D2D6FA}.Debug|Any CPU.Build.0 = Debug|Any CPU
		{D435BD82-1181-46D9-879D-F0BD44D2D6FA}.Release|Any CPU.ActiveCfg = Release|Any CPU
		{D435BD82-1181-46D9-879D-F0BD44D2D6FA}.Release|Any CPU.Build.0 = Release|Any CPU
	EndGlobalSection
	GlobalSection(SolutionProperties) = preSolution
		HideSolutionNode = FALSE
	EndGlobalSection
	GlobalSection(ExtensibilityGlobals) = postSolution
		SolutionGuid = {A7DD5F6E-5BB1-4712-942C-A96DDC824F00}
	EndGlobalSection
EndGlobal
