
Microsoft Visual Studio Solution File, Format Version 12.00
# Visual Studio Version 17
VisualStudioVersion = 17.2.32516.85
MinimumVisualStudioVersion = 10.0.40219.1
Project("{9A19103F-16F7-4668-BE54-9A1E7A4F7556}") = "DataAccessLibrary", "..\..\EntityFrameworkSolution\DataAccessLibrary\DataAccessLibrary.csproj", "{C123857B-97BC-408A-A6A9-EA085AC9E650}"
EndProject
Project("{9A19103F-16F7-4668-BE54-9A1E7A4F7556}") = "EFHomeworkUI", "..\..\EntityFrameworkSolution\EFHomeworkUI\EFHomeworkUI.csproj", "{53A5DE86-9F2F-433D-B54B-28C92D735028}"
EndProject
Global
	GlobalSection(SolutionConfigurationPlatforms) = preSolution
		Debug|Any CPU = Debug|Any CPU
		Release|Any CPU = Release|Any CPU
	EndGlobalSection
	GlobalSection(ProjectConfigurationPlatforms) = postSolution
		{C123857B-97BC-408A-A6A9-EA085AC9E650}.Debug|Any CPU.ActiveCfg = Debug|Any CPU
		{C123857B-97BC-408A-A6A9-EA085AC9E650}.Debug|Any CPU.Build.0 = Debug|Any CPU
		{C123857B-97BC-408A-A6A9-EA085AC9E650}.Release|Any CPU.ActiveCfg = Release|Any CPU
		{C123857B-97BC-408A-A6A9-EA085AC9E650}.Release|Any CPU.Build.0 = Release|Any CPU
		{53A5DE86-9F2F-433D-B54B-28C92D735028}.Debug|Any CPU.ActiveCfg = Debug|Any CPU
		{53A5DE86-9F2F-433D-B54B-28C92D735028}.Debug|Any CPU.Build.0 = Debug|Any CPU
		{53A5DE86-9F2F-433D-B54B-28C92D735028}.Release|Any CPU.ActiveCfg = Release|Any CPU
		{53A5DE86-9F2F-433D-B54B-28C92D735028}.Release|Any CPU.Build.0 = Release|Any CPU
	EndGlobalSection
	GlobalSection(SolutionProperties) = preSolution
		HideSolutionNode = FALSE
	EndGlobalSection
	GlobalSection(ExtensibilityGlobals) = postSolution
		SolutionGuid = {805F1F7E-4B00-4BF7-A672-179CBF173818}
	EndGlobalSection
EndGlobal
