
Microsoft Visual Studio Solution File, Format Version 12.00
# Visual Studio Version 17
VisualStudioVersion = 17.0.32112.339
MinimumVisualStudioVersion = 10.0.40219.1
Project("{FAE04EC0-301F-11D3-BF4B-00C04F79EFBC}") = "NamespacesTest", "NamespacesTest\NamespacesTest.csproj", "{09873842-BA1A-4E3F-9ACA-C03CE9497D2D}"
EndProject
Global
	GlobalSection(SolutionConfigurationPlatforms) = preSolution
		Debug|Any CPU = Debug|Any CPU
		Release|Any CPU = Release|Any CPU
	EndGlobalSection
	GlobalSection(ProjectConfigurationPlatforms) = postSolution
		{09873842-BA1A-4E3F-9ACA-C03CE9497D2D}.Debug|Any CPU.ActiveCfg = Debug|Any CPU
		{09873842-BA1A-4E3F-9ACA-C03CE9497D2D}.Debug|Any CPU.Build.0 = Debug|Any CPU
		{09873842-BA1A-4E3F-9ACA-C03CE9497D2D}.Release|Any CPU.ActiveCfg = Release|Any CPU
		{09873842-BA1A-4E3F-9ACA-C03CE9497D2D}.Release|Any CPU.Build.0 = Release|Any CPU
	EndGlobalSection
	GlobalSection(SolutionProperties) = preSolution
		HideSolutionNode = FALSE
	EndGlobalSection
	GlobalSection(ExtensibilityGlobals) = postSolution
		SolutionGuid = {C5E895CA-6674-4889-8924-02169747E7D3}
	EndGlobalSection
EndGlobal
