
Microsoft Visual Studio Solution File, Format Version 12.00
# Visual Studio Version 17
VisualStudioVersion = 17.0.32112.339
MinimumVisualStudioVersion = 10.0.40219.1
Project("{FAE04EC0-301F-11D3-BF4B-00C04F79EFBC}") = "ForEachLoopsTest", "ForEachLoopsTest\ForEachLoopsTest.csproj", "{3B42BCCA-F2D6-42F2-9A8F-1217F04DD83A}"
EndProject
Global
	GlobalSection(SolutionConfigurationPlatforms) = preSolution
		Debug|Any CPU = Debug|Any CPU
		Release|Any CPU = Release|Any CPU
	EndGlobalSection
	GlobalSection(ProjectConfigurationPlatforms) = postSolution
		{3B42BCCA-F2D6-42F2-9A8F-1217F04DD83A}.Debug|Any CPU.ActiveCfg = Debug|Any CPU
		{3B42BCCA-F2D6-42F2-9A8F-1217F04DD83A}.Debug|Any CPU.Build.0 = Debug|Any CPU
		{3B42BCCA-F2D6-42F2-9A8F-1217F04DD83A}.Release|Any CPU.ActiveCfg = Release|Any CPU
		{3B42BCCA-F2D6-42F2-9A8F-1217F04DD83A}.Release|Any CPU.Build.0 = Release|Any CPU
	EndGlobalSection
	GlobalSection(SolutionProperties) = preSolution
		HideSolutionNode = FALSE
	EndGlobalSection
	GlobalSection(ExtensibilityGlobals) = postSolution
		SolutionGuid = {0672B69C-3EE5-4C0B-B71B-CC8102F27AA1}
	EndGlobalSection
EndGlobal
