
Microsoft Visual Studio Solution File, Format Version 12.00
# Visual Studio Version 17
VisualStudioVersion = 17.0.32112.339
MinimumVisualStudioVersion = 10.0.40219.1
Project("{FAE04EC0-301F-11D3-BF4B-00C04F79EFBC}") = "PropertiesTest", "PropertiesTest\PropertiesTest.csproj", "{675B6272-7882-448D-8889-EEC14476B9A5}"
EndProject
Global
	GlobalSection(SolutionConfigurationPlatforms) = preSolution
		Debug|Any CPU = Debug|Any CPU
		Release|Any CPU = Release|Any CPU
	EndGlobalSection
	GlobalSection(ProjectConfigurationPlatforms) = postSolution
		{675B6272-7882-448D-8889-EEC14476B9A5}.Debug|Any CPU.ActiveCfg = Debug|Any CPU
		{675B6272-7882-448D-8889-EEC14476B9A5}.Debug|Any CPU.Build.0 = Debug|Any CPU
		{675B6272-7882-448D-8889-EEC14476B9A5}.Release|Any CPU.ActiveCfg = Release|Any CPU
		{675B6272-7882-448D-8889-EEC14476B9A5}.Release|Any CPU.Build.0 = Release|Any CPU
	EndGlobalSection
	GlobalSection(SolutionProperties) = preSolution
		HideSolutionNode = FALSE
	EndGlobalSection
	GlobalSection(ExtensibilityGlobals) = postSolution
		SolutionGuid = {2CE3047F-653E-415C-9ADD-399A9083EDE8}
	EndGlobalSection
EndGlobal
