
Microsoft Visual Studio Solution File, Format Version 12.00
# Visual Studio Version 17
VisualStudioVersion = 17.2.32516.85
MinimumVisualStudioVersion = 10.0.40219.1
Project("{9A19103F-16F7-4668-BE54-9A1E7A4F7556}") = "MVCDemo", "..\..\MVCDemoApp\MVCDemo\MVCDemo.csproj", "{262D0832-7411-4F53-8639-22DE313112F2}"
EndProject
Global
	GlobalSection(SolutionConfigurationPlatforms) = preSolution
		Debug|Any CPU = Debug|Any CPU
		Release|Any CPU = Release|Any CPU
	EndGlobalSection
	GlobalSection(ProjectConfigurationPlatforms) = postSolution
		{262D0832-7411-4F53-8639-22DE313112F2}.Debug|Any CPU.ActiveCfg = Debug|Any CPU
		{262D0832-7411-4F53-8639-22DE313112F2}.Debug|Any CPU.Build.0 = Debug|Any CPU
		{262D0832-7411-4F53-8639-22DE313112F2}.Release|Any CPU.ActiveCfg = Release|Any CPU
		{262D0832-7411-4F53-8639-22DE313112F2}.Release|Any CPU.Build.0 = Release|Any CPU
	EndGlobalSection
	GlobalSection(SolutionProperties) = preSolution
		HideSolutionNode = FALSE
	EndGlobalSection
	GlobalSection(ExtensibilityGlobals) = postSolution
		SolutionGuid = {02799051-6E47-4F63-9869-161D909D7010}
	EndGlobalSection
EndGlobal
