
Microsoft Visual Studio Solution File, Format Version 12.00
# Visual Studio Version 17
VisualStudioVersion = 17.2.32516.85
MinimumVisualStudioVersion = 10.0.40219.1
Project("{9A19103F-16F7-4668-BE54-9A1E7A4F7556}") = "WinFormsDemo", "..\..\WinFormsDemoApp\WinFormsDemo\WinFormsDemo.csproj", "{0BDFCB24-3959-45EE-8014-BC0930A3C396}"
EndProject
Global
	GlobalSection(SolutionConfigurationPlatforms) = preSolution
		Debug|Any CPU = Debug|Any CPU
		Release|Any CPU = Release|Any CPU
	EndGlobalSection
	GlobalSection(ProjectConfigurationPlatforms) = postSolution
		{0BDFCB24-3959-45EE-8014-BC0930A3C396}.Debug|Any CPU.ActiveCfg = Debug|Any CPU
		{0BDFCB24-3959-45EE-8014-BC0930A3C396}.Debug|Any CPU.Build.0 = Debug|Any CPU
		{0BDFCB24-3959-45EE-8014-BC0930A3C396}.Release|Any CPU.ActiveCfg = Release|Any CPU
		{0BDFCB24-3959-45EE-8014-BC0930A3C396}.Release|Any CPU.Build.0 = Release|Any CPU
	EndGlobalSection
	GlobalSection(SolutionProperties) = preSolution
		HideSolutionNode = FALSE
	EndGlobalSection
	GlobalSection(ExtensibilityGlobals) = postSolution
		SolutionGuid = {A811581A-0BE7-4111-9AAE-4E57BCD2133F}
	EndGlobalSection
EndGlobal
