
Microsoft Visual Studio Solution File, Format Version 12.00
# Visual Studio Version 17
VisualStudioVersion = 17.0.32112.339
MinimumVisualStudioVersion = 10.0.40219.1
Project("{FAE04EC0-301F-11D3-BF4B-00C04F79EFBC}") = "ListsTest", "ListsTest\ListsTest.csproj", "{9F6E677E-53AB-42A0-8B5A-CE7B9DBF21DB}"
EndProject
Global
	GlobalSection(SolutionConfigurationPlatforms) = preSolution
		Debug|Any CPU = Debug|Any CPU
		Release|Any CPU = Release|Any CPU
	EndGlobalSection
	GlobalSection(ProjectConfigurationPlatforms) = postSolution
		{9F6E677E-53AB-42A0-8B5A-CE7B9DBF21DB}.Debug|Any CPU.ActiveCfg = Debug|Any CPU
		{9F6E677E-53AB-42A0-8B5A-CE7B9DBF21DB}.Debug|Any CPU.Build.0 = Debug|Any CPU
		{9F6E677E-53AB-42A0-8B5A-CE7B9DBF21DB}.Release|Any CPU.ActiveCfg = Release|Any CPU
		{9F6E677E-53AB-42A0-8B5A-CE7B9DBF21DB}.Release|Any CPU.Build.0 = Release|Any CPU
	EndGlobalSection
	GlobalSection(SolutionProperties) = preSolution
		HideSolutionNode = FALSE
	EndGlobalSection
	GlobalSection(ExtensibilityGlobals) = postSolution
		SolutionGuid = {E685DC8B-8566-4833-B452-A3FD43A0CCCC}
	EndGlobalSection
EndGlobal
