
Microsoft Visual Studio Solution File, Format Version 12.00
# Visual Studio Version 17
VisualStudioVersion = 17.0.32112.339
MinimumVisualStudioVersion = 10.0.40219.1
Project("{FAE04EC0-301F-11D3-BF4B-00C04F79EFBC}") = "DictionariesTest", "DictionariesTest\DictionariesTest.csproj", "{5C187BB0-E2DE-47FB-BBA3-05DC00BB6D2B}"
EndProject
Global
	GlobalSection(SolutionConfigurationPlatforms) = preSolution
		Debug|Any CPU = Debug|Any CPU
		Release|Any CPU = Release|Any CPU
	EndGlobalSection
	GlobalSection(ProjectConfigurationPlatforms) = postSolution
		{5C187BB0-E2DE-47FB-BBA3-05DC00BB6D2B}.Debug|Any CPU.ActiveCfg = Debug|Any CPU
		{5C187BB0-E2DE-47FB-BBA3-05DC00BB6D2B}.Debug|Any CPU.Build.0 = Debug|Any CPU
		{5C187BB0-E2DE-47FB-BBA3-05DC00BB6D2B}.Release|Any CPU.ActiveCfg = Release|Any CPU
		{5C187BB0-E2DE-47FB-BBA3-05DC00BB6D2B}.Release|Any CPU.Build.0 = Release|Any CPU
	EndGlobalSection
	GlobalSection(SolutionProperties) = preSolution
		HideSolutionNode = FALSE
	EndGlobalSection
	GlobalSection(ExtensibilityGlobals) = postSolution
		SolutionGuid = {72E11FB5-6A78-4F30-8BFD-D60D9FB97082}
	EndGlobalSection
EndGlobal
