
Microsoft Visual Studio Solution File, Format Version 12.00
# Visual Studio Version 17
VisualStudioVersion = 17.2.32516.85
MinimumVisualStudioVersion = 10.0.40219.1
Project("{9A19103F-16F7-4668-BE54-9A1E7A4F7556}") = "DataAccessLibrary", "..\..\NoSQLHomework\DataAccessLibrary\DataAccessLibrary.csproj", "{EB4B588C-4734-4368-9A9E-3F5DE7CCF817}"
EndProject
Project("{9A19103F-16F7-4668-BE54-9A1E7A4F7556}") = "MongoDBUI", "..\..\NoSQLHomework\MongoDBUI\MongoDBUI.csproj", "{49E5726B-FFE9-4AA3-9E70-D663BB94F0F7}"
EndProject
Global
	GlobalSection(SolutionConfigurationPlatforms) = preSolution
		Debug|Any CPU = Debug|Any CPU
		Release|Any CPU = Release|Any CPU
	EndGlobalSection
	GlobalSection(ProjectConfigurationPlatforms) = postSolution
		{EB4B588C-4734-4368-9A9E-3F5DE7CCF817}.Debug|Any CPU.ActiveCfg = Debug|Any CPU
		{EB4B588C-4734-4368-9A9E-3F5DE7CCF817}.Debug|Any CPU.Build.0 = Debug|Any CPU
		{EB4B588C-4734-4368-9A9E-3F5DE7CCF817}.Release|Any CPU.ActiveCfg = Release|Any CPU
		{EB4B588C-4734-4368-9A9E-3F5DE7CCF817}.Release|Any CPU.Build.0 = Release|Any CPU
		{49E5726B-FFE9-4AA3-9E70-D663BB94F0F7}.Debug|Any CPU.ActiveCfg = Debug|Any CPU
		{49E5726B-FFE9-4AA3-9E70-D663BB94F0F7}.Debug|Any CPU.Build.0 = Debug|Any CPU
		{49E5726B-FFE9-4AA3-9E70-D663BB94F0F7}.Release|Any CPU.ActiveCfg = Release|Any CPU
		{49E5726B-FFE9-4AA3-9E70-D663BB94F0F7}.Release|Any CPU.Build.0 = Release|Any CPU
	EndGlobalSection
	GlobalSection(SolutionProperties) = preSolution
		HideSolutionNode = FALSE
	EndGlobalSection
	GlobalSection(ExtensibilityGlobals) = postSolution
		SolutionGuid = {54DE4B61-F3A5-42EA-95FC-D59B9C45A228}
	EndGlobalSection
EndGlobal
