
Microsoft Visual Studio Solution File, Format Version 12.00
# Visual Studio Version 17
VisualStudioVersion = 17.0.32112.339
MinimumVisualStudioVersion = 10.0.40219.1
Project("{FAE04EC0-301F-11D3-BF4B-00C04F79EFBC}") = "BreakpointsTest", "BreakpointsTest\BreakpointsTest.csproj", "{62ECF718-5AF3-4754-90D8-B17981B66B2D}"
EndProject
Global
	GlobalSection(SolutionConfigurationPlatforms) = preSolution
		Debug|Any CPU = Debug|Any CPU
		Release|Any CPU = Release|Any CPU
	EndGlobalSection
	GlobalSection(ProjectConfigurationPlatforms) = postSolution
		{62ECF718-5AF3-4754-90D8-B17981B66B2D}.Debug|Any CPU.ActiveCfg = Debug|Any CPU
		{62ECF718-5AF3-4754-90D8-B17981B66B2D}.Debug|Any CPU.Build.0 = Debug|Any CPU
		{62ECF718-5AF3-4754-90D8-B17981B66B2D}.Release|Any CPU.ActiveCfg = Release|Any CPU
		{62ECF718-5AF3-4754-90D8-B17981B66B2D}.Release|Any CPU.Build.0 = Release|Any CPU
	EndGlobalSection
	GlobalSection(SolutionProperties) = preSolution
		HideSolutionNode = FALSE
	EndGlobalSection
	GlobalSection(ExtensibilityGlobals) = postSolution
		SolutionGuid = {4816E1B0-5D83-4311-BC47-8F5279A3FFD8}
	EndGlobalSection
EndGlobal
