
Microsoft Visual Studio Solution File, Format Version 12.00
# Visual Studio Version 17
VisualStudioVersion = 17.0.32112.339
MinimumVisualStudioVersion = 10.0.40219.1
Project("{FAE04EC0-301F-11D3-BF4B-00C04F79EFBC}") = "ForLoopsTest", "ForLoopsTest\ForLoopsTest.csproj", "{0941D69E-45DB-4447-9EF9-79C00A8383C5}"
EndProject
Global
	GlobalSection(SolutionConfigurationPlatforms) = preSolution
		Debug|Any CPU = Debug|Any CPU
		Release|Any CPU = Release|Any CPU
	EndGlobalSection
	GlobalSection(ProjectConfigurationPlatforms) = postSolution
		{0941D69E-45DB-4447-9EF9-79C00A8383C5}.Debug|Any CPU.ActiveCfg = Debug|Any CPU
		{0941D69E-45DB-4447-9EF9-79C00A8383C5}.Debug|Any CPU.Build.0 = Debug|Any CPU
		{0941D69E-45DB-4447-9EF9-79C00A8383C5}.Release|Any CPU.ActiveCfg = Release|Any CPU
		{0941D69E-45DB-4447-9EF9-79C00A8383C5}.Release|Any CPU.Build.0 = Release|Any CPU
	EndGlobalSection
	GlobalSection(SolutionProperties) = preSolution
		HideSolutionNode = FALSE
	EndGlobalSection
	GlobalSection(ExtensibilityGlobals) = postSolution
		SolutionGuid = {8F27246A-0950-4EEF-B831-E62FEEF2FD7D}
	EndGlobalSection
EndGlobal
