
Microsoft Visual Studio Solution File, Format Version 12.00
# Visual Studio Version 17
VisualStudioVersion = 17.0.32112.339
MinimumVisualStudioVersion = 10.0.40219.1
Project("{FAE04EC0-301F-11D3-BF4B-00C04F79EFBC}") = "PropertiesTest", "PropertiesTest\PropertiesTest.csproj", "{4AC7C731-A1A6-4714-B0E2-359BF1DCCA0A}"
EndProject
Global
	GlobalSection(SolutionConfigurationPlatforms) = preSolution
		Debug|Any CPU = Debug|Any CPU
		Release|Any CPU = Release|Any CPU
	EndGlobalSection
	GlobalSection(ProjectConfigurationPlatforms) = postSolution
		{4AC7C731-A1A6-4714-B0E2-359BF1DCCA0A}.Debug|Any CPU.ActiveCfg = Debug|Any CPU
		{4AC7C731-A1A6-4714-B0E2-359BF1DCCA0A}.Debug|Any CPU.Build.0 = Debug|Any CPU
		{4AC7C731-A1A6-4714-B0E2-359BF1DCCA0A}.Release|Any CPU.ActiveCfg = Release|Any CPU
		{4AC7C731-A1A6-4714-B0E2-359BF1DCCA0A}.Release|Any CPU.Build.0 = Release|Any CPU
	EndGlobalSection
	GlobalSection(SolutionProperties) = preSolution
		HideSolutionNode = FALSE
	EndGlobalSection
	GlobalSection(ExtensibilityGlobals) = postSolution
		SolutionGuid = {4BBC5695-9668-42E0-89FC-F7B0BCC5470A}
	EndGlobalSection
EndGlobal
