
Microsoft Visual Studio Solution File, Format Version 12.00
# Visual Studio Version 17
VisualStudioVersion = 17.0.32112.339
MinimumVisualStudioVersion = 10.0.40219.1
Project("{FAE04EC0-301F-11D3-BF4B-00C04F79EFBC}") = "ListsTest", "ListsTest\ListsTest.csproj", "{288617E4-62C7-4D51-8D15-B6B7166FB1E2}"
EndProject
Global
	GlobalSection(SolutionConfigurationPlatforms) = preSolution
		Debug|Any CPU = Debug|Any CPU
		Release|Any CPU = Release|Any CPU
	EndGlobalSection
	GlobalSection(ProjectConfigurationPlatforms) = postSolution
		{288617E4-62C7-4D51-8D15-B6B7166FB1E2}.Debug|Any CPU.ActiveCfg = Debug|Any CPU
		{288617E4-62C7-4D51-8D15-B6B7166FB1E2}.Debug|Any CPU.Build.0 = Debug|Any CPU
		{288617E4-62C7-4D51-8D15-B6B7166FB1E2}.Release|Any CPU.ActiveCfg = Release|Any CPU
		{288617E4-62C7-4D51-8D15-B6B7166FB1E2}.Release|Any CPU.Build.0 = Release|Any CPU
	EndGlobalSection
	GlobalSection(SolutionProperties) = preSolution
		HideSolutionNode = FALSE
	EndGlobalSection
	GlobalSection(ExtensibilityGlobals) = postSolution
		SolutionGuid = {55BE74C9-E8F5-47C8-8D98-3621807A51EA}
	EndGlobalSection
EndGlobal
