
Microsoft Visual Studio Solution File, Format Version 12.00
# Visual Studio Version 17
VisualStudioVersion = 17.0.32112.339
MinimumVisualStudioVersion = 10.0.40219.1
Project("{FAE04EC0-301F-11D3-BF4B-00C04F79EFBC}") = "VariablesTest", "VariablesTest\VariablesTest.csproj", "{C76E743A-719C-45A7-AE8D-96104F2C444D}"
EndProject
Global
	GlobalSection(SolutionConfigurationPlatforms) = preSolution
		Debug|Any CPU = Debug|Any CPU
		Release|Any CPU = Release|Any CPU
	EndGlobalSection
	GlobalSection(ProjectConfigurationPlatforms) = postSolution
		{C76E743A-719C-45A7-AE8D-96104F2C444D}.Debug|Any CPU.ActiveCfg = Debug|Any CPU
		{C76E743A-719C-45A7-AE8D-96104F2C444D}.Debug|Any CPU.Build.0 = Debug|Any CPU
		{C76E743A-719C-45A7-AE8D-96104F2C444D}.Release|Any CPU.ActiveCfg = Release|Any CPU
		{C76E743A-719C-45A7-AE8D-96104F2C444D}.Release|Any CPU.Build.0 = Release|Any CPU
	EndGlobalSection
	GlobalSection(SolutionProperties) = preSolution
		HideSolutionNode = FALSE
	EndGlobalSection
	GlobalSection(ExtensibilityGlobals) = postSolution
		SolutionGuid = {75966761-30C1-4C07-8674-ADB4FF8F825C}
	EndGlobalSection
EndGlobal
